
Microsoft Visual Studio Solution File, Format Version 12.00
# Visual Studio 14
VisualStudioVersion = 14.0.25420.1
MinimumVisualStudioVersion = 10.0.40219.1
Project("{FAE04EC0-301F-11D3-BF4B-00C04F79EFBC}") = "PJ.Gestion.NotificacionMovil.Entidades", "PJ.Gestion.NotificacionMovil.Entidades\PJ.Gestion.NotificacionMovil.Entidades.csproj", "{E67C96C1-1D4A-4363-AB9B-6137E243BB71}"
EndProject
Project("{2150E333-8FDC-42A3-9474-1A3956D46DE8}") = "Local", "Local", "{070C40E6-AAF0-4C62-AFC1-82AF0A994619}"
EndProject
Project("{2150E333-8FDC-42A3-9474-1A3956D46DE8}") = "Test", "Test", "{60CAE1D6-3A3F-4348-8E96-906236D59251}"
EndProject
Project("{FAE04EC0-301F-11D3-BF4B-00C04F79EFBC}") = "PJ.Gestion.NotificacionMovil.Interfaces", "PJ.Gestion.NotificacionMovil.Interfaces\PJ.Gestion.NotificacionMovil.Interfaces.csproj", "{290B4231-7E10-4C8D-B922-70F39D1D78CB}"
EndProject
Project("{FAE04EC0-301F-11D3-BF4B-00C04F79EFBC}") = "PJ.Gestion.NotificacionMovil.AccesoDatos", "PJ.Gestion.NotificacionesMovil.AccesoDatos\PJ.Gestion.NotificacionMovil.AccesoDatos.csproj", "{D100694C-AB63-4D77-AAB4-B4DE4D0BCA52}"
EndProject
Project("{FAE04EC0-301F-11D3-BF4B-00C04F79EFBC}") = "PJ.Gestion.NotificacionMovil.Negocio", "PJ.Gestion.NotificacionMovil.Negocio\PJ.Gestion.NotificacionMovil.Negocio.csproj", "{386C5A55-6C50-4A28-AB59-33FB5FB81950}"
EndProject
Project("{FAE04EC0-301F-11D3-BF4B-00C04F79EFBC}") = "PJ.Gestion.NotificacionMovil.WcfSincronizacion", "PJ.Gestion.NotificacionMovil.WcfNotificacion\PJ.Gestion.NotificacionMovil.WcfSincronizacion.csproj", "{4F2ED860-045B-49E5-BF18-1240960B3C3B}"
EndProject
Project("{FAE04EC0-301F-11D3-BF4B-00C04F79EFBC}") = "PJ.Gestion.NotificacionMovil.ServicioMonitoreo", "PJ.Gestion.NotificacionMovil.ServicioMonitoreo\PJ.Gestion.NotificacionMovil.ServicioMonitoreo.csproj", "{53CDEA3F-59BB-4FAA-93B4-A92CEB66CE2C}"
EndProject
Project("{FAE04EC0-301F-11D3-BF4B-00C04F79EFBC}") = "PJ.Gestion.NotificacionMovil.WcfSincronizacion.Tests", "PJ.Gestion.NotificacionMovil.WcfSincronizacion.Tests\PJ.Gestion.NotificacionMovil.WcfSincronizacion.Tests.csproj", "{E2196A62-A130-404B-B5CC-04FD5B5D547B}"
EndProject
Project("{2150E333-8FDC-42A3-9474-1A3956D46DE8}") = "Instalador", "Instalador", "{F43FC3EE-235F-4FAC-AA9A-F3253E6FFB58}"
EndProject
Project("{6141683F-8A12-4E36-9623-2EB02B2C2303}") = "SetupServicioSincronizacion", "SetupServicioSincronizacion\SetupServicioSincronizacion.isproj", "{52B12782-60CA-4F41-9E8B-B44C2FAC0DBD}"
	ProjectSection(ProjectDependencies) = postProject
		{53CDEA3F-59BB-4FAA-93B4-A92CEB66CE2C} = {53CDEA3F-59BB-4FAA-93B4-A92CEB66CE2C}
	EndProjectSection
EndProject
Global
	GlobalSection(SolutionConfigurationPlatforms) = preSolution
		CD_ROM|Any CPU = CD_ROM|Any CPU
		Debug|Any CPU = Debug|Any CPU
		DVD-5|Any CPU = DVD-5|Any CPU
		Release|Any CPU = Release|Any CPU
		SingleImage|Any CPU = SingleImage|Any CPU
	EndGlobalSection
	GlobalSection(ProjectConfigurationPlatforms) = postSolution
		{E67C96C1-1D4A-4363-AB9B-6137E243BB71}.CD_ROM|Any CPU.ActiveCfg = Release|Any CPU
		{E67C96C1-1D4A-4363-AB9B-6137E243BB71}.CD_ROM|Any CPU.Build.0 = Release|Any CPU
		{E67C96C1-1D4A-4363-AB9B-6137E243BB71}.Debug|Any CPU.ActiveCfg = Debug|Any CPU
		{E67C96C1-1D4A-4363-AB9B-6137E243BB71}.Debug|Any CPU.Build.0 = Debug|Any CPU
		{E67C96C1-1D4A-4363-AB9B-6137E243BB71}.DVD-5|Any CPU.ActiveCfg = Debug|Any CPU
		{E67C96C1-1D4A-4363-AB9B-6137E243BB71}.DVD-5|Any CPU.Build.0 = Debug|Any CPU
		{E67C96C1-1D4A-4363-AB9B-6137E243BB71}.Release|Any CPU.ActiveCfg = Release|Any CPU
		{E67C96C1-1D4A-4363-AB9B-6137E243BB71}.Release|Any CPU.Build.0 = Release|Any CPU
		{E67C96C1-1D4A-4363-AB9B-6137E243BB71}.SingleImage|Any CPU.ActiveCfg = Release|Any CPU
		{E67C96C1-1D4A-4363-AB9B-6137E243BB71}.SingleImage|Any CPU.Build.0 = Release|Any CPU
		{290B4231-7E10-4C8D-B922-70F39D1D78CB}.CD_ROM|Any CPU.ActiveCfg = Release|Any CPU
		{290B4231-7E10-4C8D-B922-70F39D1D78CB}.CD_ROM|Any CPU.Build.0 = Release|Any CPU
		{290B4231-7E10-4C8D-B922-70F39D1D78CB}.Debug|Any CPU.ActiveCfg = Debug|Any CPU
		{290B4231-7E10-4C8D-B922-70F39D1D78CB}.Debug|Any CPU.Build.0 = Debug|Any CPU
		{290B4231-7E10-4C8D-B922-70F39D1D78CB}.DVD-5|Any CPU.ActiveCfg = Debug|Any CPU
		{290B4231-7E10-4C8D-B922-70F39D1D78CB}.DVD-5|Any CPU.Build.0 = Debug|Any CPU
		{290B4231-7E10-4C8D-B922-70F39D1D78CB}.Release|Any CPU.ActiveCfg = Release|Any CPU
		{290B4231-7E10-4C8D-B922-70F39D1D78CB}.Release|Any CPU.Build.0 = Release|Any CPU
		{290B4231-7E10-4C8D-B922-70F39D1D78CB}.SingleImage|Any CPU.ActiveCfg = Release|Any CPU
		{290B4231-7E10-4C8D-B922-70F39D1D78CB}.SingleImage|Any CPU.Build.0 = Release|Any CPU
		{D100694C-AB63-4D77-AAB4-B4DE4D0BCA52}.CD_ROM|Any CPU.ActiveCfg = Release|Any CPU
		{D100694C-AB63-4D77-AAB4-B4DE4D0BCA52}.CD_ROM|Any CPU.Build.0 = Release|Any CPU
		{D100694C-AB63-4D77-AAB4-B4DE4D0BCA52}.Debug|Any CPU.ActiveCfg = Debug|Any CPU
		{D100694C-AB63-4D77-AAB4-B4DE4D0BCA52}.Debug|Any CPU.Build.0 = Debug|Any CPU
		{D100694C-AB63-4D77-AAB4-B4DE4D0BCA52}.DVD-5|Any CPU.ActiveCfg = Debug|Any CPU
		{D100694C-AB63-4D77-AAB4-B4DE4D0BCA52}.DVD-5|Any CPU.Build.0 = Debug|Any CPU
		{D100694C-AB63-4D77-AAB4-B4DE4D0BCA52}.Release|Any CPU.ActiveCfg = Release|Any CPU
		{D100694C-AB63-4D77-AAB4-B4DE4D0BCA52}.Release|Any CPU.Build.0 = Release|Any CPU
		{D100694C-AB63-4D77-AAB4-B4DE4D0BCA52}.SingleImage|Any CPU.ActiveCfg = Release|Any CPU
		{D100694C-AB63-4D77-AAB4-B4DE4D0BCA52}.SingleImage|Any CPU.Build.0 = Release|Any CPU
		{386C5A55-6C50-4A28-AB59-33FB5FB81950}.CD_ROM|Any CPU.ActiveCfg = Release|Any CPU
		{386C5A55-6C50-4A28-AB59-33FB5FB81950}.CD_ROM|Any CPU.Build.0 = Release|Any CPU
		{386C5A55-6C50-4A28-AB59-33FB5FB81950}.Debug|Any CPU.ActiveCfg = Debug|Any CPU
		{386C5A55-6C50-4A28-AB59-33FB5FB81950}.Debug|Any CPU.Build.0 = Debug|Any CPU
		{386C5A55-6C50-4A28-AB59-33FB5FB81950}.DVD-5|Any CPU.ActiveCfg = Debug|Any CPU
		{386C5A55-6C50-4A28-AB59-33FB5FB81950}.DVD-5|Any CPU.Build.0 = Debug|Any CPU
		{386C5A55-6C50-4A28-AB59-33FB5FB81950}.Release|Any CPU.ActiveCfg = Release|Any CPU
		{386C5A55-6C50-4A28-AB59-33FB5FB81950}.Release|Any CPU.Build.0 = Release|Any CPU
		{386C5A55-6C50-4A28-AB59-33FB5FB81950}.SingleImage|Any CPU.ActiveCfg = Release|Any CPU
		{386C5A55-6C50-4A28-AB59-33FB5FB81950}.SingleImage|Any CPU.Build.0 = Release|Any CPU
		{4F2ED860-045B-49E5-BF18-1240960B3C3B}.CD_ROM|Any CPU.ActiveCfg = Release|Any CPU
		{4F2ED860-045B-49E5-BF18-1240960B3C3B}.CD_ROM|Any CPU.Build.0 = Release|Any CPU
		{4F2ED860-045B-49E5-BF18-1240960B3C3B}.Debug|Any CPU.ActiveCfg = Debug|Any CPU
		{4F2ED860-045B-49E5-BF18-1240960B3C3B}.Debug|Any CPU.Build.0 = Debug|Any CPU
		{4F2ED860-045B-49E5-BF18-1240960B3C3B}.DVD-5|Any CPU.ActiveCfg = Debug|Any CPU
		{4F2ED860-045B-49E5-BF18-1240960B3C3B}.DVD-5|Any CPU.Build.0 = Debug|Any CPU
		{4F2ED860-045B-49E5-BF18-1240960B3C3B}.Release|Any CPU.ActiveCfg = Release|Any CPU
		{4F2ED860-045B-49E5-BF18-1240960B3C3B}.Release|Any CPU.Build.0 = Release|Any CPU
		{4F2ED860-045B-49E5-BF18-1240960B3C3B}.SingleImage|Any CPU.ActiveCfg = Release|Any CPU
		{4F2ED860-045B-49E5-BF18-1240960B3C3B}.SingleImage|Any CPU.Build.0 = Release|Any CPU
		{53CDEA3F-59BB-4FAA-93B4-A92CEB66CE2C}.CD_ROM|Any CPU.ActiveCfg = Release|Any CPU
		{53CDEA3F-59BB-4FAA-93B4-A92CEB66CE2C}.CD_ROM|Any CPU.Build.0 = Release|Any CPU
		{53CDEA3F-59BB-4FAA-93B4-A92CEB66CE2C}.Debug|Any CPU.ActiveCfg = Debug|Any CPU
		{53CDEA3F-59BB-4FAA-93B4-A92CEB66CE2C}.Debug|Any CPU.Build.0 = Debug|Any CPU
		{53CDEA3F-59BB-4FAA-93B4-A92CEB66CE2C}.DVD-5|Any CPU.ActiveCfg = Debug|Any CPU
		{53CDEA3F-59BB-4FAA-93B4-A92CEB66CE2C}.DVD-5|Any CPU.Build.0 = Debug|Any CPU
		{53CDEA3F-59BB-4FAA-93B4-A92CEB66CE2C}.Release|Any CPU.ActiveCfg = Release|Any CPU
		{53CDEA3F-59BB-4FAA-93B4-A92CEB66CE2C}.Release|Any CPU.Build.0 = Release|Any CPU
		{53CDEA3F-59BB-4FAA-93B4-A92CEB66CE2C}.SingleImage|Any CPU.ActiveCfg = Release|Any CPU
		{53CDEA3F-59BB-4FAA-93B4-A92CEB66CE2C}.SingleImage|Any CPU.Build.0 = Release|Any CPU
		{E2196A62-A130-404B-B5CC-04FD5B5D547B}.CD_ROM|Any CPU.ActiveCfg = Release|Any CPU
		{E2196A62-A130-404B-B5CC-04FD5B5D547B}.CD_ROM|Any CPU.Build.0 = Release|Any CPU
		{E2196A62-A130-404B-B5CC-04FD5B5D547B}.Debug|Any CPU.ActiveCfg = Debug|Any CPU
		{E2196A62-A130-404B-B5CC-04FD5B5D547B}.Debug|Any CPU.Build.0 = Debug|Any CPU
		{E2196A62-A130-404B-B5CC-04FD5B5D547B}.DVD-5|Any CPU.ActiveCfg = Debug|Any CPU
		{E2196A62-A130-404B-B5CC-04FD5B5D547B}.DVD-5|Any CPU.Build.0 = Debug|Any CPU
		{E2196A62-A130-404B-B5CC-04FD5B5D547B}.Release|Any CPU.ActiveCfg = Release|Any CPU
		{E2196A62-A130-404B-B5CC-04FD5B5D547B}.Release|Any CPU.Build.0 = Release|Any CPU
		{E2196A62-A130-404B-B5CC-04FD5B5D547B}.SingleImage|Any CPU.ActiveCfg = Release|Any CPU
		{E2196A62-A130-404B-B5CC-04FD5B5D547B}.SingleImage|Any CPU.Build.0 = Release|Any CPU
		{52B12782-60CA-4F41-9E8B-B44C2FAC0DBD}.CD_ROM|Any CPU.ActiveCfg = CD_ROM
		{52B12782-60CA-4F41-9E8B-B44C2FAC0DBD}.CD_ROM|Any CPU.Build.0 = CD_ROM
		{52B12782-60CA-4F41-9E8B-B44C2FAC0DBD}.Debug|Any CPU.ActiveCfg = DVD-5
		{52B12782-60CA-4F41-9E8B-B44C2FAC0DBD}.DVD-5|Any CPU.ActiveCfg = DVD-5
		{52B12782-60CA-4F41-9E8B-B44C2FAC0DBD}.DVD-5|Any CPU.Build.0 = DVD-5
		{52B12782-60CA-4F41-9E8B-B44C2FAC0DBD}.Release|Any CPU.ActiveCfg = SingleImage
		{52B12782-60CA-4F41-9E8B-B44C2FAC0DBD}.Release|Any CPU.Build.0 = SingleImage
		{52B12782-60CA-4F41-9E8B-B44C2FAC0DBD}.SingleImage|Any CPU.ActiveCfg = SingleImage
		{52B12782-60CA-4F41-9E8B-B44C2FAC0DBD}.SingleImage|Any CPU.Build.0 = SingleImage
	EndGlobalSection
	GlobalSection(SolutionProperties) = preSolution
		HideSolutionNode = FALSE
	EndGlobalSection
	GlobalSection(NestedProjects) = preSolution
		{E67C96C1-1D4A-4363-AB9B-6137E243BB71} = {070C40E6-AAF0-4C62-AFC1-82AF0A994619}
		{290B4231-7E10-4C8D-B922-70F39D1D78CB} = {070C40E6-AAF0-4C62-AFC1-82AF0A994619}
		{D100694C-AB63-4D77-AAB4-B4DE4D0BCA52} = {070C40E6-AAF0-4C62-AFC1-82AF0A994619}
		{386C5A55-6C50-4A28-AB59-33FB5FB81950} = {070C40E6-AAF0-4C62-AFC1-82AF0A994619}
		{4F2ED860-045B-49E5-BF18-1240960B3C3B} = {070C40E6-AAF0-4C62-AFC1-82AF0A994619}
		{53CDEA3F-59BB-4FAA-93B4-A92CEB66CE2C} = {070C40E6-AAF0-4C62-AFC1-82AF0A994619}
		{E2196A62-A130-404B-B5CC-04FD5B5D547B} = {60CAE1D6-3A3F-4348-8E96-906236D59251}
		{52B12782-60CA-4F41-9E8B-B44C2FAC0DBD} = {F43FC3EE-235F-4FAC-AA9A-F3253E6FFB58}
	EndGlobalSection
	GlobalSection(TeamFoundationVersionControl) = preSolution
		SccNumberOfProjects = 9
		SccEnterpriseProvider = {4CA58AB2-18FA-4F8D-95D4-32DDF27D184C}
		SccTeamFoundationServer = https://siagpj.visualstudio.com/
		SccLocalPath0 = .
		SccProjectUniqueName1 = PJ.Gestion.NotificacionMovil.Entidades\\PJ.Gestion.NotificacionMovil.Entidades.csproj
		SccProjectTopLevelParentUniqueName1 = PJ.Gestion.NotificacionMovil.sln
		SccProjectName1 = PJ.Gestion.NotificacionMovil.Entidades
		SccLocalPath1 = PJ.Gestion.NotificacionMovil.Entidades
		SccProjectUniqueName2 = PJ.Gestion.NotificacionMovil.Interfaces\\PJ.Gestion.NotificacionMovil.Interfaces.csproj
		SccProjectTopLevelParentUniqueName2 = PJ.Gestion.NotificacionMovil.sln
		SccProjectName2 = PJ.Gestion.NotificacionMovil.Interfaces
		SccLocalPath2 = PJ.Gestion.NotificacionMovil.Interfaces
		SccProjectUniqueName3 = PJ.Gestion.NotificacionesMovil.AccesoDatos\\PJ.Gestion.NotificacionMovil.AccesoDatos.csproj
		SccProjectTopLevelParentUniqueName3 = PJ.Gestion.NotificacionMovil.sln
		SccProjectName3 = PJ.Gestion.NotificacionesMovil.AccesoDatos
		SccLocalPath3 = PJ.Gestion.NotificacionesMovil.AccesoDatos
		SccProjectUniqueName4 = PJ.Gestion.NotificacionMovil.Negocio\\PJ.Gestion.NotificacionMovil.Negocio.csproj
		SccProjectTopLevelParentUniqueName4 = PJ.Gestion.NotificacionMovil.sln
		SccProjectName4 = PJ.Gestion.NotificacionMovil.Negocio
		SccLocalPath4 = PJ.Gestion.NotificacionMovil.Negocio
		SccProjectUniqueName5 = PJ.Gestion.NotificacionMovil.WcfNotificacion\\PJ.Gestion.NotificacionMovil.WcfSincronizacion.csproj
		SccProjectTopLevelParentUniqueName5 = PJ.Gestion.NotificacionMovil.sln
		SccProjectName5 = PJ.Gestion.NotificacionMovil.WcfNotificacion
		SccLocalPath5 = PJ.Gestion.NotificacionMovil.WcfNotificacion
		SccProjectUniqueName6 = PJ.Gestion.NotificacionMovil.ServicioMonitoreo\\PJ.Gestion.NotificacionMovil.ServicioMonitoreo.csproj
		SccProjectTopLevelParentUniqueName6 = PJ.Gestion.NotificacionMovil.sln
		SccProjectName6 = PJ.Gestion.NotificacionMovil.ServicioMonitoreo
		SccLocalPath6 = PJ.Gestion.NotificacionMovil.ServicioMonitoreo
		SccProjectUniqueName7 = PJ.Gestion.NotificacionMovil.WcfSincronizacion.Tests\\PJ.Gestion.NotificacionMovil.WcfSincronizacion.Tests.csproj
		SccProjectTopLevelParentUniqueName7 = PJ.Gestion.NotificacionMovil.sln
		SccProjectName7 = PJ.Gestion.NotificacionMovil.WcfSincronizacion.Tests
		SccLocalPath7 = PJ.Gestion.NotificacionMovil.WcfSincronizacion.Tests
		SccProjectUniqueName8 = SetupServicioSincronizacion\\SetupServicioSincronizacion.isproj
		SccProjectTopLevelParentUniqueName8 = PJ.Gestion.NotificacionMovil.sln
		SccProjectName8 = SetupServicioSincronizacion
		SccLocalPath8 = SetupServicioSincronizacion
	EndGlobalSection
EndGlobal
