
Microsoft Visual Studio Solution File, Format Version 12.00
# Visual Studio Version 17
VisualStudioVersion = 17.7.34024.191
MinimumVisualStudioVersion = 10.0.40219.1
Project("{FAE04EC0-301F-11D3-BF4B-00C04F79EFBC}") = "PJ.Gestion.NotificacionMovil.Entidades", "PJ.Gestion.NotificacionMovil.Entidades\PJ.Gestion.NotificacionMovil.Entidades.csproj", "{E67C96C1-1D4A-4363-AB9B-6137E243BB71}"
EndProject
Project("{FAE04EC0-301F-11D3-BF4B-00C04F79EFBC}") = "PJ.Gestion.NotificacionMovil.Interfaces", "PJ.Gestion.NotificacionMovil.Interfaces\PJ.Gestion.NotificacionMovil.Interfaces.csproj", "{290B4231-7E10-4C8D-B922-70F39D1D78CB}"
EndProject
Project("{FAE04EC0-301F-11D3-BF4B-00C04F79EFBC}") = "PJ.Gestion.NotificacionMovil.AccesoDatos", "PJ.Gestion.NotificacionesMovil.AccesoDatos\PJ.Gestion.NotificacionMovil.AccesoDatos.csproj", "{D100694C-AB63-4D77-AAB4-B4DE4D0BCA52}"
EndProject
Project("{FAE04EC0-301F-11D3-BF4B-00C04F79EFBC}") = "PJ.Gestion.NotificacionMovil.Negocio", "PJ.Gestion.NotificacionMovil.Negocio\PJ.Gestion.NotificacionMovil.Negocio.csproj", "{386C5A55-6C50-4A28-AB59-33FB5FB81950}"
EndProject
Project("{FAE04EC0-301F-11D3-BF4B-00C04F79EFBC}") = "PJ.Gestion.NotificacionMovil.WorkFlows", "PJ.Gestion.NotificacionMovil.Workflows\PJ.Gestion.NotificacionMovil.WorkFlows.csproj", "{588ABE7F-3149-4348-92D9-EBB412673B90}"
EndProject
Project("{FAE04EC0-301F-11D3-BF4B-00C04F79EFBC}") = "PJ.Gestion.NotificacionMovil.ServicioActualizacion", "PJ.Gestion.NotificacionMovil.ServicioActualizacion\PJ.Gestion.NotificacionMovil.ServicioActualizacion.csproj", "{B641715C-267D-4BB7-8A74-6EA9DFA43F21}"
EndProject
Project("{6141683F-8A12-4E36-9623-2EB02B2C2303}") = "SetupServicioNotificacionMovil", "SetupServicioNotificacionMovil\SetupServicioNotificacionMovil.isproj", "{18F65623-A131-4B8F-A6B6-61495BF933AE}"
	ProjectSection(ProjectDependencies) = postProject
		{B641715C-267D-4BB7-8A74-6EA9DFA43F21} = {B641715C-267D-4BB7-8A74-6EA9DFA43F21}
	EndProjectSection
EndProject
Project("{FAE04EC0-301F-11D3-BF4B-00C04F79EFBC}") = "PJ.Gestion.NotificacionMovil.Negocio.Test", "PJ.Gestion.NotificacionMovil.Negocio.Test\PJ.Gestion.NotificacionMovil.Negocio.Test.csproj", "{8E3C954C-A08C-4B68-80BA-AFAC48775A7D}"
EndProject
Project("{FAE04EC0-301F-11D3-BF4B-00C04F79EFBC}") = "PJ.Gestion.NotificacionMovil.Entidades.Test", "PJ.Gestion.NotificacionMovil.Entidades.Test\PJ.Gestion.NotificacionMovil.Entidades.Test.csproj", "{6824B2CB-FB03-4309-9BFE-DE15E11D1263}"
EndProject
Project("{FAE04EC0-301F-11D3-BF4B-00C04F79EFBC}") = "ConsoleApplicationTest", "ConsoleApplicationTest\ConsoleApplicationTest.csproj", "{D52C7D50-3EA9-47EE-AB55-0A66B4B88D77}"
EndProject
Project("{FAE04EC0-301F-11D3-BF4B-00C04F79EFBC}") = "PJ.Gestion.NotificacionMovil.ServicioCorreo", "PJ.Gestion.NotificacionMovil.ServicioCorreo\PJ.Gestion.NotificacionMovil.ServicioCorreo.csproj", "{E0947AC1-C1CB-42FE-8F5F-7553AB5771FB}"
EndProject
Project("{6141683F-8A12-4E36-9623-2EB02B2C2303}") = "SetupServicioCorreoNotificacionMovil", "SetupServicioNotificacionCorreo\SetupServicioCorreoNotificacionMovil.isproj", "{68A171F3-FB38-47AB-A4BC-E2BFBFD24335}"
EndProject
Project("{FAE04EC0-301F-11D3-BF4B-00C04F79EFBC}") = "PJ.Gestion.NotificacionMovil.ServicioMonitoreo", "PJ.Gestion.NotificacionMovil.ServicioMonitoreo\PJ.Gestion.NotificacionMovil.ServicioMonitoreo.csproj", "{53CDEA3F-59BB-4FAA-93B4-A92CEB66CE2C}"
EndProject
Project("{FAE04EC0-301F-11D3-BF4B-00C04F79EFBC}") = "PJ.Gestion.NotificacionMovil.WcfSincronizacion", "PJ.Gestion.NotificacionMovil.WcfNotificacion\PJ.Gestion.NotificacionMovil.WcfSincronizacion.csproj", "{4F2ED860-045B-49E5-BF18-1240960B3C3B}"
EndProject
Global
	GlobalSection(SolutionConfigurationPlatforms) = preSolution
		CD_ROM|Any CPU = CD_ROM|Any CPU
		CD_ROM|x86 = CD_ROM|x86
		Debug|Any CPU = Debug|Any CPU
		Debug|x86 = Debug|x86
		DVD-5|Any CPU = DVD-5|Any CPU
		DVD-5|x86 = DVD-5|x86
		Release|Any CPU = Release|Any CPU
		Release|x86 = Release|x86
		SingleImage|Any CPU = SingleImage|Any CPU
		SingleImage|x86 = SingleImage|x86
	EndGlobalSection
	GlobalSection(ProjectConfigurationPlatforms) = postSolution
		{E67C96C1-1D4A-4363-AB9B-6137E243BB71}.CD_ROM|Any CPU.ActiveCfg = Release|Any CPU
		{E67C96C1-1D4A-4363-AB9B-6137E243BB71}.CD_ROM|Any CPU.Build.0 = Release|Any CPU
		{E67C96C1-1D4A-4363-AB9B-6137E243BB71}.CD_ROM|x86.ActiveCfg = Release|x86
		{E67C96C1-1D4A-4363-AB9B-6137E243BB71}.CD_ROM|x86.Build.0 = Release|x86
		{E67C96C1-1D4A-4363-AB9B-6137E243BB71}.Debug|Any CPU.ActiveCfg = Debug|Any CPU
		{E67C96C1-1D4A-4363-AB9B-6137E243BB71}.Debug|Any CPU.Build.0 = Debug|Any CPU
		{E67C96C1-1D4A-4363-AB9B-6137E243BB71}.Debug|x86.ActiveCfg = Debug|x86
		{E67C96C1-1D4A-4363-AB9B-6137E243BB71}.Debug|x86.Build.0 = Debug|x86
		{E67C96C1-1D4A-4363-AB9B-6137E243BB71}.DVD-5|Any CPU.ActiveCfg = Debug|Any CPU
		{E67C96C1-1D4A-4363-AB9B-6137E243BB71}.DVD-5|Any CPU.Build.0 = Debug|Any CPU
		{E67C96C1-1D4A-4363-AB9B-6137E243BB71}.DVD-5|x86.ActiveCfg = Debug|x86
		{E67C96C1-1D4A-4363-AB9B-6137E243BB71}.DVD-5|x86.Build.0 = Debug|x86
		{E67C96C1-1D4A-4363-AB9B-6137E243BB71}.Release|Any CPU.ActiveCfg = Release|Any CPU
		{E67C96C1-1D4A-4363-AB9B-6137E243BB71}.Release|Any CPU.Build.0 = Release|Any CPU
		{E67C96C1-1D4A-4363-AB9B-6137E243BB71}.Release|x86.ActiveCfg = Release|x86
		{E67C96C1-1D4A-4363-AB9B-6137E243BB71}.Release|x86.Build.0 = Release|x86
		{E67C96C1-1D4A-4363-AB9B-6137E243BB71}.SingleImage|Any CPU.ActiveCfg = Release|Any CPU
		{E67C96C1-1D4A-4363-AB9B-6137E243BB71}.SingleImage|Any CPU.Build.0 = Release|Any CPU
		{E67C96C1-1D4A-4363-AB9B-6137E243BB71}.SingleImage|x86.ActiveCfg = Release|x86
		{E67C96C1-1D4A-4363-AB9B-6137E243BB71}.SingleImage|x86.Build.0 = Release|x86
		{290B4231-7E10-4C8D-B922-70F39D1D78CB}.CD_ROM|Any CPU.ActiveCfg = Release|Any CPU
		{290B4231-7E10-4C8D-B922-70F39D1D78CB}.CD_ROM|Any CPU.Build.0 = Release|Any CPU
		{290B4231-7E10-4C8D-B922-70F39D1D78CB}.CD_ROM|x86.ActiveCfg = Release|x86
		{290B4231-7E10-4C8D-B922-70F39D1D78CB}.CD_ROM|x86.Build.0 = Release|x86
		{290B4231-7E10-4C8D-B922-70F39D1D78CB}.Debug|Any CPU.ActiveCfg = Debug|Any CPU
		{290B4231-7E10-4C8D-B922-70F39D1D78CB}.Debug|Any CPU.Build.0 = Debug|Any CPU
		{290B4231-7E10-4C8D-B922-70F39D1D78CB}.Debug|x86.ActiveCfg = Debug|x86
		{290B4231-7E10-4C8D-B922-70F39D1D78CB}.Debug|x86.Build.0 = Debug|x86
		{290B4231-7E10-4C8D-B922-70F39D1D78CB}.DVD-5|Any CPU.ActiveCfg = Debug|Any CPU
		{290B4231-7E10-4C8D-B922-70F39D1D78CB}.DVD-5|Any CPU.Build.0 = Debug|Any CPU
		{290B4231-7E10-4C8D-B922-70F39D1D78CB}.DVD-5|x86.ActiveCfg = Debug|x86
		{290B4231-7E10-4C8D-B922-70F39D1D78CB}.DVD-5|x86.Build.0 = Debug|x86
		{290B4231-7E10-4C8D-B922-70F39D1D78CB}.Release|Any CPU.ActiveCfg = Release|Any CPU
		{290B4231-7E10-4C8D-B922-70F39D1D78CB}.Release|Any CPU.Build.0 = Release|Any CPU
		{290B4231-7E10-4C8D-B922-70F39D1D78CB}.Release|x86.ActiveCfg = Release|x86
		{290B4231-7E10-4C8D-B922-70F39D1D78CB}.Release|x86.Build.0 = Release|x86
		{290B4231-7E10-4C8D-B922-70F39D1D78CB}.SingleImage|Any CPU.ActiveCfg = Release|Any CPU
		{290B4231-7E10-4C8D-B922-70F39D1D78CB}.SingleImage|Any CPU.Build.0 = Release|Any CPU
		{290B4231-7E10-4C8D-B922-70F39D1D78CB}.SingleImage|x86.ActiveCfg = Release|x86
		{290B4231-7E10-4C8D-B922-70F39D1D78CB}.SingleImage|x86.Build.0 = Release|x86
		{D100694C-AB63-4D77-AAB4-B4DE4D0BCA52}.CD_ROM|Any CPU.ActiveCfg = Release|Any CPU
		{D100694C-AB63-4D77-AAB4-B4DE4D0BCA52}.CD_ROM|Any CPU.Build.0 = Release|Any CPU
		{D100694C-AB63-4D77-AAB4-B4DE4D0BCA52}.CD_ROM|x86.ActiveCfg = Debug|Any CPU
		{D100694C-AB63-4D77-AAB4-B4DE4D0BCA52}.CD_ROM|x86.Build.0 = Debug|Any CPU
		{D100694C-AB63-4D77-AAB4-B4DE4D0BCA52}.Debug|Any CPU.ActiveCfg = Debug|Any CPU
		{D100694C-AB63-4D77-AAB4-B4DE4D0BCA52}.Debug|Any CPU.Build.0 = Debug|Any CPU
		{D100694C-AB63-4D77-AAB4-B4DE4D0BCA52}.Debug|x86.ActiveCfg = Debug|Any CPU
		{D100694C-AB63-4D77-AAB4-B4DE4D0BCA52}.Debug|x86.Build.0 = Debug|Any CPU
		{D100694C-AB63-4D77-AAB4-B4DE4D0BCA52}.DVD-5|Any CPU.ActiveCfg = Debug|Any CPU
		{D100694C-AB63-4D77-AAB4-B4DE4D0BCA52}.DVD-5|Any CPU.Build.0 = Debug|Any CPU
		{D100694C-AB63-4D77-AAB4-B4DE4D0BCA52}.DVD-5|x86.ActiveCfg = Debug|Any CPU
		{D100694C-AB63-4D77-AAB4-B4DE4D0BCA52}.DVD-5|x86.Build.0 = Debug|Any CPU
		{D100694C-AB63-4D77-AAB4-B4DE4D0BCA52}.Release|Any CPU.ActiveCfg = Release|Any CPU
		{D100694C-AB63-4D77-AAB4-B4DE4D0BCA52}.Release|Any CPU.Build.0 = Release|Any CPU
		{D100694C-AB63-4D77-AAB4-B4DE4D0BCA52}.Release|x86.ActiveCfg = Release|Any CPU
		{D100694C-AB63-4D77-AAB4-B4DE4D0BCA52}.Release|x86.Build.0 = Release|Any CPU
		{D100694C-AB63-4D77-AAB4-B4DE4D0BCA52}.SingleImage|Any CPU.ActiveCfg = Release|Any CPU
		{D100694C-AB63-4D77-AAB4-B4DE4D0BCA52}.SingleImage|Any CPU.Build.0 = Release|Any CPU
		{D100694C-AB63-4D77-AAB4-B4DE4D0BCA52}.SingleImage|x86.ActiveCfg = Debug|Any CPU
		{D100694C-AB63-4D77-AAB4-B4DE4D0BCA52}.SingleImage|x86.Build.0 = Debug|Any CPU
		{386C5A55-6C50-4A28-AB59-33FB5FB81950}.CD_ROM|Any CPU.ActiveCfg = Release|Any CPU
		{386C5A55-6C50-4A28-AB59-33FB5FB81950}.CD_ROM|Any CPU.Build.0 = Release|Any CPU
		{386C5A55-6C50-4A28-AB59-33FB5FB81950}.CD_ROM|x86.ActiveCfg = Release|x86
		{386C5A55-6C50-4A28-AB59-33FB5FB81950}.CD_ROM|x86.Build.0 = Release|x86
		{386C5A55-6C50-4A28-AB59-33FB5FB81950}.Debug|Any CPU.ActiveCfg = Debug|Any CPU
		{386C5A55-6C50-4A28-AB59-33FB5FB81950}.Debug|Any CPU.Build.0 = Debug|Any CPU
		{386C5A55-6C50-4A28-AB59-33FB5FB81950}.Debug|x86.ActiveCfg = Debug|x86
		{386C5A55-6C50-4A28-AB59-33FB5FB81950}.Debug|x86.Build.0 = Debug|x86
		{386C5A55-6C50-4A28-AB59-33FB5FB81950}.DVD-5|Any CPU.ActiveCfg = Debug|Any CPU
		{386C5A55-6C50-4A28-AB59-33FB5FB81950}.DVD-5|Any CPU.Build.0 = Debug|Any CPU
		{386C5A55-6C50-4A28-AB59-33FB5FB81950}.DVD-5|x86.ActiveCfg = Debug|x86
		{386C5A55-6C50-4A28-AB59-33FB5FB81950}.DVD-5|x86.Build.0 = Debug|x86
		{386C5A55-6C50-4A28-AB59-33FB5FB81950}.Release|Any CPU.ActiveCfg = Release|Any CPU
		{386C5A55-6C50-4A28-AB59-33FB5FB81950}.Release|Any CPU.Build.0 = Release|Any CPU
		{386C5A55-6C50-4A28-AB59-33FB5FB81950}.Release|x86.ActiveCfg = Release|x86
		{386C5A55-6C50-4A28-AB59-33FB5FB81950}.Release|x86.Build.0 = Release|x86
		{386C5A55-6C50-4A28-AB59-33FB5FB81950}.SingleImage|Any CPU.ActiveCfg = Release|Any CPU
		{386C5A55-6C50-4A28-AB59-33FB5FB81950}.SingleImage|Any CPU.Build.0 = Release|Any CPU
		{386C5A55-6C50-4A28-AB59-33FB5FB81950}.SingleImage|x86.ActiveCfg = Release|x86
		{386C5A55-6C50-4A28-AB59-33FB5FB81950}.SingleImage|x86.Build.0 = Release|x86
		{588ABE7F-3149-4348-92D9-EBB412673B90}.CD_ROM|Any CPU.ActiveCfg = Release|Any CPU
		{588ABE7F-3149-4348-92D9-EBB412673B90}.CD_ROM|Any CPU.Build.0 = Release|Any CPU
		{588ABE7F-3149-4348-92D9-EBB412673B90}.CD_ROM|x86.ActiveCfg = Release|x86
		{588ABE7F-3149-4348-92D9-EBB412673B90}.CD_ROM|x86.Build.0 = Release|x86
		{588ABE7F-3149-4348-92D9-EBB412673B90}.Debug|Any CPU.ActiveCfg = Debug|Any CPU
		{588ABE7F-3149-4348-92D9-EBB412673B90}.Debug|Any CPU.Build.0 = Debug|Any CPU
		{588ABE7F-3149-4348-92D9-EBB412673B90}.Debug|x86.ActiveCfg = Debug|x86
		{588ABE7F-3149-4348-92D9-EBB412673B90}.Debug|x86.Build.0 = Debug|x86
		{588ABE7F-3149-4348-92D9-EBB412673B90}.DVD-5|Any CPU.ActiveCfg = Debug|Any CPU
		{588ABE7F-3149-4348-92D9-EBB412673B90}.DVD-5|Any CPU.Build.0 = Debug|Any CPU
		{588ABE7F-3149-4348-92D9-EBB412673B90}.DVD-5|x86.ActiveCfg = Debug|x86
		{588ABE7F-3149-4348-92D9-EBB412673B90}.DVD-5|x86.Build.0 = Debug|x86
		{588ABE7F-3149-4348-92D9-EBB412673B90}.Release|Any CPU.ActiveCfg = Release|Any CPU
		{588ABE7F-3149-4348-92D9-EBB412673B90}.Release|Any CPU.Build.0 = Release|Any CPU
		{588ABE7F-3149-4348-92D9-EBB412673B90}.Release|x86.ActiveCfg = Release|x86
		{588ABE7F-3149-4348-92D9-EBB412673B90}.Release|x86.Build.0 = Release|x86
		{588ABE7F-3149-4348-92D9-EBB412673B90}.SingleImage|Any CPU.ActiveCfg = Release|Any CPU
		{588ABE7F-3149-4348-92D9-EBB412673B90}.SingleImage|Any CPU.Build.0 = Release|Any CPU
		{588ABE7F-3149-4348-92D9-EBB412673B90}.SingleImage|x86.ActiveCfg = Release|x86
		{588ABE7F-3149-4348-92D9-EBB412673B90}.SingleImage|x86.Build.0 = Release|x86
		{B641715C-267D-4BB7-8A74-6EA9DFA43F21}.CD_ROM|Any CPU.ActiveCfg = Release|Any CPU
		{B641715C-267D-4BB7-8A74-6EA9DFA43F21}.CD_ROM|Any CPU.Build.0 = Release|Any CPU
		{B641715C-267D-4BB7-8A74-6EA9DFA43F21}.CD_ROM|x86.ActiveCfg = Release|x86
		{B641715C-267D-4BB7-8A74-6EA9DFA43F21}.CD_ROM|x86.Build.0 = Release|x86
		{B641715C-267D-4BB7-8A74-6EA9DFA43F21}.Debug|Any CPU.ActiveCfg = Debug|Any CPU
		{B641715C-267D-4BB7-8A74-6EA9DFA43F21}.Debug|Any CPU.Build.0 = Debug|Any CPU
		{B641715C-267D-4BB7-8A74-6EA9DFA43F21}.Debug|x86.ActiveCfg = Debug|x86
		{B641715C-267D-4BB7-8A74-6EA9DFA43F21}.Debug|x86.Build.0 = Debug|x86
		{B641715C-267D-4BB7-8A74-6EA9DFA43F21}.DVD-5|Any CPU.ActiveCfg = Debug|Any CPU
		{B641715C-267D-4BB7-8A74-6EA9DFA43F21}.DVD-5|Any CPU.Build.0 = Debug|Any CPU
		{B641715C-267D-4BB7-8A74-6EA9DFA43F21}.DVD-5|x86.ActiveCfg = Debug|x86
		{B641715C-267D-4BB7-8A74-6EA9DFA43F21}.DVD-5|x86.Build.0 = Debug|x86
		{B641715C-267D-4BB7-8A74-6EA9DFA43F21}.Release|Any CPU.ActiveCfg = Release|Any CPU
		{B641715C-267D-4BB7-8A74-6EA9DFA43F21}.Release|Any CPU.Build.0 = Release|Any CPU
		{B641715C-267D-4BB7-8A74-6EA9DFA43F21}.Release|x86.ActiveCfg = Release|x86
		{B641715C-267D-4BB7-8A74-6EA9DFA43F21}.Release|x86.Build.0 = Release|x86
		{B641715C-267D-4BB7-8A74-6EA9DFA43F21}.SingleImage|Any CPU.ActiveCfg = Release|Any CPU
		{B641715C-267D-4BB7-8A74-6EA9DFA43F21}.SingleImage|Any CPU.Build.0 = Release|Any CPU
		{B641715C-267D-4BB7-8A74-6EA9DFA43F21}.SingleImage|x86.ActiveCfg = Release|x86
		{B641715C-267D-4BB7-8A74-6EA9DFA43F21}.SingleImage|x86.Build.0 = Release|x86
		{18F65623-A131-4B8F-A6B6-61495BF933AE}.CD_ROM|Any CPU.ActiveCfg = CD_ROM
		{18F65623-A131-4B8F-A6B6-61495BF933AE}.CD_ROM|Any CPU.Build.0 = CD_ROM
		{18F65623-A131-4B8F-A6B6-61495BF933AE}.CD_ROM|x86.ActiveCfg = CD_ROM
		{18F65623-A131-4B8F-A6B6-61495BF933AE}.Debug|Any CPU.ActiveCfg = DVD-5
		{18F65623-A131-4B8F-A6B6-61495BF933AE}.Debug|x86.ActiveCfg = DVD-5
		{18F65623-A131-4B8F-A6B6-61495BF933AE}.DVD-5|Any CPU.ActiveCfg = DVD-5
		{18F65623-A131-4B8F-A6B6-61495BF933AE}.DVD-5|Any CPU.Build.0 = DVD-5
		{18F65623-A131-4B8F-A6B6-61495BF933AE}.DVD-5|x86.ActiveCfg = DVD-5
		{18F65623-A131-4B8F-A6B6-61495BF933AE}.Release|Any CPU.ActiveCfg = SingleImage
		{18F65623-A131-4B8F-A6B6-61495BF933AE}.Release|x86.ActiveCfg = SingleImage
		{18F65623-A131-4B8F-A6B6-61495BF933AE}.SingleImage|Any CPU.ActiveCfg = SingleImage
		{18F65623-A131-4B8F-A6B6-61495BF933AE}.SingleImage|Any CPU.Build.0 = SingleImage
		{18F65623-A131-4B8F-A6B6-61495BF933AE}.SingleImage|x86.ActiveCfg = SingleImage
		{8E3C954C-A08C-4B68-80BA-AFAC48775A7D}.CD_ROM|Any CPU.ActiveCfg = Release|Any CPU
		{8E3C954C-A08C-4B68-80BA-AFAC48775A7D}.CD_ROM|Any CPU.Build.0 = Release|Any CPU
		{8E3C954C-A08C-4B68-80BA-AFAC48775A7D}.CD_ROM|x86.ActiveCfg = Release|x86
		{8E3C954C-A08C-4B68-80BA-AFAC48775A7D}.CD_ROM|x86.Build.0 = Release|x86
		{8E3C954C-A08C-4B68-80BA-AFAC48775A7D}.Debug|Any CPU.ActiveCfg = Debug|Any CPU
		{8E3C954C-A08C-4B68-80BA-AFAC48775A7D}.Debug|x86.ActiveCfg = Debug|x86
		{8E3C954C-A08C-4B68-80BA-AFAC48775A7D}.DVD-5|Any CPU.ActiveCfg = Debug|Any CPU
		{8E3C954C-A08C-4B68-80BA-AFAC48775A7D}.DVD-5|Any CPU.Build.0 = Debug|Any CPU
		{8E3C954C-A08C-4B68-80BA-AFAC48775A7D}.DVD-5|x86.ActiveCfg = Debug|x86
		{8E3C954C-A08C-4B68-80BA-AFAC48775A7D}.DVD-5|x86.Build.0 = Debug|x86
		{8E3C954C-A08C-4B68-80BA-AFAC48775A7D}.Release|Any CPU.ActiveCfg = Release|Any CPU
		{8E3C954C-A08C-4B68-80BA-AFAC48775A7D}.Release|x86.ActiveCfg = Release|x86
		{8E3C954C-A08C-4B68-80BA-AFAC48775A7D}.SingleImage|Any CPU.ActiveCfg = Release|Any CPU
		{8E3C954C-A08C-4B68-80BA-AFAC48775A7D}.SingleImage|Any CPU.Build.0 = Release|Any CPU
		{8E3C954C-A08C-4B68-80BA-AFAC48775A7D}.SingleImage|x86.ActiveCfg = Release|x86
		{8E3C954C-A08C-4B68-80BA-AFAC48775A7D}.SingleImage|x86.Build.0 = Release|x86
		{6824B2CB-FB03-4309-9BFE-DE15E11D1263}.CD_ROM|Any CPU.ActiveCfg = Release|Any CPU
		{6824B2CB-FB03-4309-9BFE-DE15E11D1263}.CD_ROM|Any CPU.Build.0 = Release|Any CPU
		{6824B2CB-FB03-4309-9BFE-DE15E11D1263}.CD_ROM|x86.ActiveCfg = Release|x86
		{6824B2CB-FB03-4309-9BFE-DE15E11D1263}.CD_ROM|x86.Build.0 = Release|x86
		{6824B2CB-FB03-4309-9BFE-DE15E11D1263}.Debug|Any CPU.ActiveCfg = Debug|Any CPU
		{6824B2CB-FB03-4309-9BFE-DE15E11D1263}.Debug|x86.ActiveCfg = Debug|x86
		{6824B2CB-FB03-4309-9BFE-DE15E11D1263}.DVD-5|Any CPU.ActiveCfg = Debug|Any CPU
		{6824B2CB-FB03-4309-9BFE-DE15E11D1263}.DVD-5|Any CPU.Build.0 = Debug|Any CPU
		{6824B2CB-FB03-4309-9BFE-DE15E11D1263}.DVD-5|x86.ActiveCfg = Debug|x86
		{6824B2CB-FB03-4309-9BFE-DE15E11D1263}.DVD-5|x86.Build.0 = Debug|x86
		{6824B2CB-FB03-4309-9BFE-DE15E11D1263}.Release|Any CPU.ActiveCfg = Release|Any CPU
		{6824B2CB-FB03-4309-9BFE-DE15E11D1263}.Release|x86.ActiveCfg = Release|x86
		{6824B2CB-FB03-4309-9BFE-DE15E11D1263}.SingleImage|Any CPU.ActiveCfg = Release|Any CPU
		{6824B2CB-FB03-4309-9BFE-DE15E11D1263}.SingleImage|Any CPU.Build.0 = Release|Any CPU
		{6824B2CB-FB03-4309-9BFE-DE15E11D1263}.SingleImage|x86.ActiveCfg = Release|x86
		{6824B2CB-FB03-4309-9BFE-DE15E11D1263}.SingleImage|x86.Build.0 = Release|x86
		{D52C7D50-3EA9-47EE-AB55-0A66B4B88D77}.CD_ROM|Any CPU.ActiveCfg = Release|Any CPU
		{D52C7D50-3EA9-47EE-AB55-0A66B4B88D77}.CD_ROM|Any CPU.Build.0 = Release|Any CPU
		{D52C7D50-3EA9-47EE-AB55-0A66B4B88D77}.CD_ROM|x86.ActiveCfg = Debug|Any CPU
		{D52C7D50-3EA9-47EE-AB55-0A66B4B88D77}.CD_ROM|x86.Build.0 = Debug|Any CPU
		{D52C7D50-3EA9-47EE-AB55-0A66B4B88D77}.Debug|Any CPU.ActiveCfg = Debug|Any CPU
		{D52C7D50-3EA9-47EE-AB55-0A66B4B88D77}.Debug|Any CPU.Build.0 = Debug|Any CPU
		{D52C7D50-3EA9-47EE-AB55-0A66B4B88D77}.Debug|x86.ActiveCfg = Debug|Any CPU
		{D52C7D50-3EA9-47EE-AB55-0A66B4B88D77}.Debug|x86.Build.0 = Debug|Any CPU
		{D52C7D50-3EA9-47EE-AB55-0A66B4B88D77}.DVD-5|Any CPU.ActiveCfg = Debug|Any CPU
		{D52C7D50-3EA9-47EE-AB55-0A66B4B88D77}.DVD-5|Any CPU.Build.0 = Debug|Any CPU
		{D52C7D50-3EA9-47EE-AB55-0A66B4B88D77}.DVD-5|x86.ActiveCfg = Debug|Any CPU
		{D52C7D50-3EA9-47EE-AB55-0A66B4B88D77}.DVD-5|x86.Build.0 = Debug|Any CPU
		{D52C7D50-3EA9-47EE-AB55-0A66B4B88D77}.Release|Any CPU.ActiveCfg = Release|Any CPU
		{D52C7D50-3EA9-47EE-AB55-0A66B4B88D77}.Release|x86.ActiveCfg = Release|Any CPU
		{D52C7D50-3EA9-47EE-AB55-0A66B4B88D77}.Release|x86.Build.0 = Release|Any CPU
		{D52C7D50-3EA9-47EE-AB55-0A66B4B88D77}.SingleImage|Any CPU.ActiveCfg = Release|Any CPU
		{D52C7D50-3EA9-47EE-AB55-0A66B4B88D77}.SingleImage|Any CPU.Build.0 = Release|Any CPU
		{D52C7D50-3EA9-47EE-AB55-0A66B4B88D77}.SingleImage|x86.ActiveCfg = Debug|Any CPU
		{D52C7D50-3EA9-47EE-AB55-0A66B4B88D77}.SingleImage|x86.Build.0 = Debug|Any CPU
		{E0947AC1-C1CB-42FE-8F5F-7553AB5771FB}.CD_ROM|Any CPU.ActiveCfg = Release|Any CPU
		{E0947AC1-C1CB-42FE-8F5F-7553AB5771FB}.CD_ROM|Any CPU.Build.0 = Release|Any CPU
		{E0947AC1-C1CB-42FE-8F5F-7553AB5771FB}.CD_ROM|x86.ActiveCfg = Release|x86
		{E0947AC1-C1CB-42FE-8F5F-7553AB5771FB}.CD_ROM|x86.Build.0 = Release|x86
		{E0947AC1-C1CB-42FE-8F5F-7553AB5771FB}.Debug|Any CPU.ActiveCfg = Debug|Any CPU
		{E0947AC1-C1CB-42FE-8F5F-7553AB5771FB}.Debug|Any CPU.Build.0 = Debug|Any CPU
		{E0947AC1-C1CB-42FE-8F5F-7553AB5771FB}.Debug|x86.ActiveCfg = Debug|x86
		{E0947AC1-C1CB-42FE-8F5F-7553AB5771FB}.Debug|x86.Build.0 = Debug|x86
		{E0947AC1-C1CB-42FE-8F5F-7553AB5771FB}.DVD-5|Any CPU.ActiveCfg = Debug|Any CPU
		{E0947AC1-C1CB-42FE-8F5F-7553AB5771FB}.DVD-5|Any CPU.Build.0 = Debug|Any CPU
		{E0947AC1-C1CB-42FE-8F5F-7553AB5771FB}.DVD-5|x86.ActiveCfg = Debug|x86
		{E0947AC1-C1CB-42FE-8F5F-7553AB5771FB}.DVD-5|x86.Build.0 = Debug|x86
		{E0947AC1-C1CB-42FE-8F5F-7553AB5771FB}.Release|Any CPU.ActiveCfg = Release|Any CPU
		{E0947AC1-C1CB-42FE-8F5F-7553AB5771FB}.Release|Any CPU.Build.0 = Release|Any CPU
		{E0947AC1-C1CB-42FE-8F5F-7553AB5771FB}.Release|x86.ActiveCfg = Release|x86
		{E0947AC1-C1CB-42FE-8F5F-7553AB5771FB}.Release|x86.Build.0 = Release|x86
		{E0947AC1-C1CB-42FE-8F5F-7553AB5771FB}.SingleImage|Any CPU.ActiveCfg = Release|Any CPU
		{E0947AC1-C1CB-42FE-8F5F-7553AB5771FB}.SingleImage|Any CPU.Build.0 = Release|Any CPU
		{E0947AC1-C1CB-42FE-8F5F-7553AB5771FB}.SingleImage|x86.ActiveCfg = Release|x86
		{E0947AC1-C1CB-42FE-8F5F-7553AB5771FB}.SingleImage|x86.Build.0 = Release|x86
		{68A171F3-FB38-47AB-A4BC-E2BFBFD24335}.CD_ROM|Any CPU.ActiveCfg = CD_ROM
		{68A171F3-FB38-47AB-A4BC-E2BFBFD24335}.CD_ROM|Any CPU.Build.0 = CD_ROM
		{68A171F3-FB38-47AB-A4BC-E2BFBFD24335}.CD_ROM|x86.ActiveCfg = CD_ROM
		{68A171F3-FB38-47AB-A4BC-E2BFBFD24335}.Debug|Any CPU.ActiveCfg = DVD-5
		{68A171F3-FB38-47AB-A4BC-E2BFBFD24335}.Debug|Any CPU.Build.0 = DVD-5
		{68A171F3-FB38-47AB-A4BC-E2BFBFD24335}.Debug|x86.ActiveCfg = DVD-5
		{68A171F3-FB38-47AB-A4BC-E2BFBFD24335}.DVD-5|Any CPU.ActiveCfg = DVD-5
		{68A171F3-FB38-47AB-A4BC-E2BFBFD24335}.DVD-5|Any CPU.Build.0 = DVD-5
		{68A171F3-FB38-47AB-A4BC-E2BFBFD24335}.DVD-5|x86.ActiveCfg = DVD-5
		{68A171F3-FB38-47AB-A4BC-E2BFBFD24335}.Release|Any CPU.ActiveCfg = SingleImage
		{68A171F3-FB38-47AB-A4BC-E2BFBFD24335}.Release|Any CPU.Build.0 = SingleImage
		{68A171F3-FB38-47AB-A4BC-E2BFBFD24335}.Release|x86.ActiveCfg = SingleImage
		{68A171F3-FB38-47AB-A4BC-E2BFBFD24335}.SingleImage|Any CPU.ActiveCfg = SingleImage
		{68A171F3-FB38-47AB-A4BC-E2BFBFD24335}.SingleImage|Any CPU.Build.0 = SingleImage
		{68A171F3-FB38-47AB-A4BC-E2BFBFD24335}.SingleImage|x86.ActiveCfg = SingleImage
		{53CDEA3F-59BB-4FAA-93B4-A92CEB66CE2C}.CD_ROM|Any CPU.ActiveCfg = Release|Any CPU
		{53CDEA3F-59BB-4FAA-93B4-A92CEB66CE2C}.CD_ROM|Any CPU.Build.0 = Release|Any CPU
		{53CDEA3F-59BB-4FAA-93B4-A92CEB66CE2C}.CD_ROM|x86.ActiveCfg = Release|Any CPU
		{53CDEA3F-59BB-4FAA-93B4-A92CEB66CE2C}.CD_ROM|x86.Build.0 = Release|Any CPU
		{53CDEA3F-59BB-4FAA-93B4-A92CEB66CE2C}.Debug|Any CPU.ActiveCfg = Debug|Any CPU
		{53CDEA3F-59BB-4FAA-93B4-A92CEB66CE2C}.Debug|Any CPU.Build.0 = Debug|Any CPU
		{53CDEA3F-59BB-4FAA-93B4-A92CEB66CE2C}.Debug|x86.ActiveCfg = Debug|Any CPU
		{53CDEA3F-59BB-4FAA-93B4-A92CEB66CE2C}.Debug|x86.Build.0 = Debug|Any CPU
		{53CDEA3F-59BB-4FAA-93B4-A92CEB66CE2C}.DVD-5|Any CPU.ActiveCfg = Release|Any CPU
		{53CDEA3F-59BB-4FAA-93B4-A92CEB66CE2C}.DVD-5|Any CPU.Build.0 = Release|Any CPU
		{53CDEA3F-59BB-4FAA-93B4-A92CEB66CE2C}.DVD-5|x86.ActiveCfg = Release|Any CPU
		{53CDEA3F-59BB-4FAA-93B4-A92CEB66CE2C}.DVD-5|x86.Build.0 = Release|Any CPU
		{53CDEA3F-59BB-4FAA-93B4-A92CEB66CE2C}.Release|Any CPU.ActiveCfg = Release|Any CPU
		{53CDEA3F-59BB-4FAA-93B4-A92CEB66CE2C}.Release|Any CPU.Build.0 = Release|Any CPU
		{53CDEA3F-59BB-4FAA-93B4-A92CEB66CE2C}.Release|x86.ActiveCfg = Release|Any CPU
		{53CDEA3F-59BB-4FAA-93B4-A92CEB66CE2C}.Release|x86.Build.0 = Release|Any CPU
		{53CDEA3F-59BB-4FAA-93B4-A92CEB66CE2C}.SingleImage|Any CPU.ActiveCfg = Release|Any CPU
		{53CDEA3F-59BB-4FAA-93B4-A92CEB66CE2C}.SingleImage|Any CPU.Build.0 = Release|Any CPU
		{53CDEA3F-59BB-4FAA-93B4-A92CEB66CE2C}.SingleImage|x86.ActiveCfg = Release|Any CPU
		{53CDEA3F-59BB-4FAA-93B4-A92CEB66CE2C}.SingleImage|x86.Build.0 = Release|Any CPU
		{4F2ED860-045B-49E5-BF18-1240960B3C3B}.CD_ROM|Any CPU.ActiveCfg = Release|Any CPU
		{4F2ED860-045B-49E5-BF18-1240960B3C3B}.CD_ROM|Any CPU.Build.0 = Release|Any CPU
		{4F2ED860-045B-49E5-BF18-1240960B3C3B}.CD_ROM|x86.ActiveCfg = Release|Any CPU
		{4F2ED860-045B-49E5-BF18-1240960B3C3B}.CD_ROM|x86.Build.0 = Release|Any CPU
		{4F2ED860-045B-49E5-BF18-1240960B3C3B}.Debug|Any CPU.ActiveCfg = Debug|Any CPU
		{4F2ED860-045B-49E5-BF18-1240960B3C3B}.Debug|Any CPU.Build.0 = Debug|Any CPU
		{4F2ED860-045B-49E5-BF18-1240960B3C3B}.Debug|x86.ActiveCfg = Debug|Any CPU
		{4F2ED860-045B-49E5-BF18-1240960B3C3B}.Debug|x86.Build.0 = Debug|Any CPU
		{4F2ED860-045B-49E5-BF18-1240960B3C3B}.DVD-5|Any CPU.ActiveCfg = Release|Any CPU
		{4F2ED860-045B-49E5-BF18-1240960B3C3B}.DVD-5|Any CPU.Build.0 = Release|Any CPU
		{4F2ED860-045B-49E5-BF18-1240960B3C3B}.DVD-5|x86.ActiveCfg = Release|Any CPU
		{4F2ED860-045B-49E5-BF18-1240960B3C3B}.DVD-5|x86.Build.0 = Release|Any CPU
		{4F2ED860-045B-49E5-BF18-1240960B3C3B}.Release|Any CPU.ActiveCfg = Release|Any CPU
		{4F2ED860-045B-49E5-BF18-1240960B3C3B}.Release|Any CPU.Build.0 = Release|Any CPU
		{4F2ED860-045B-49E5-BF18-1240960B3C3B}.Release|x86.ActiveCfg = Release|Any CPU
		{4F2ED860-045B-49E5-BF18-1240960B3C3B}.Release|x86.Build.0 = Release|Any CPU
		{4F2ED860-045B-49E5-BF18-1240960B3C3B}.SingleImage|Any CPU.ActiveCfg = Release|Any CPU
		{4F2ED860-045B-49E5-BF18-1240960B3C3B}.SingleImage|Any CPU.Build.0 = Release|Any CPU
		{4F2ED860-045B-49E5-BF18-1240960B3C3B}.SingleImage|x86.ActiveCfg = Release|Any CPU
		{4F2ED860-045B-49E5-BF18-1240960B3C3B}.SingleImage|x86.Build.0 = Release|Any CPU
	EndGlobalSection
	GlobalSection(SolutionProperties) = preSolution
		HideSolutionNode = FALSE
	EndGlobalSection
	GlobalSection(ExtensibilityGlobals) = postSolution
		SolutionGuid = {87823D0B-3C9A-4B57-AA3D-8F816834C4F8}
	EndGlobalSection
	GlobalSection(TeamFoundationVersionControl) = preSolution
		SccNumberOfProjects = 15
		SccEnterpriseProvider = {4CA58AB2-18FA-4F8D-95D4-32DDF27D184C}
		SccTeamFoundationServer = https://siagpj.visualstudio.com/
		SccLocalPath0 = .
		SccProjectUniqueName1 = PJ.Gestion.NotificacionMovil.Entidades\\PJ.Gestion.NotificacionMovil.Entidades.csproj
		SccProjectName1 = PJ.Gestion.NotificacionMovil.Entidades
		SccLocalPath1 = PJ.Gestion.NotificacionMovil.Entidades
		SccProjectUniqueName2 = PJ.Gestion.NotificacionMovil.Interfaces\\PJ.Gestion.NotificacionMovil.Interfaces.csproj
		SccProjectName2 = PJ.Gestion.NotificacionMovil.Interfaces
		SccLocalPath2 = PJ.Gestion.NotificacionMovil.Interfaces
		SccProjectUniqueName3 = PJ.Gestion.NotificacionesMovil.AccesoDatos\\PJ.Gestion.NotificacionMovil.AccesoDatos.csproj
		SccProjectName3 = PJ.Gestion.NotificacionesMovil.AccesoDatos
		SccLocalPath3 = PJ.Gestion.NotificacionesMovil.AccesoDatos
		SccProjectUniqueName4 = PJ.Gestion.NotificacionMovil.Negocio\\PJ.Gestion.NotificacionMovil.Negocio.csproj
		SccProjectName4 = PJ.Gestion.NotificacionMovil.Negocio
		SccLocalPath4 = PJ.Gestion.NotificacionMovil.Negocio
		SccProjectUniqueName5 = PJ.Gestion.NotificacionMovil.Workflows\\PJ.Gestion.NotificacionMovil.WorkFlows.csproj
		SccProjectName5 = PJ.Gestion.NotificacionMovil.Workflows
		SccLocalPath5 = PJ.Gestion.NotificacionMovil.Workflows
		SccProjectUniqueName6 = PJ.Gestion.NotificacionMovil.ServicioActualizacion\\PJ.Gestion.NotificacionMovil.ServicioActualizacion.csproj
		SccProjectName6 = PJ.Gestion.NotificacionMovil.ServicioActualizacion
		SccLocalPath6 = PJ.Gestion.NotificacionMovil.ServicioActualizacion
		SccProjectUniqueName7 = PJ.Gestion.NotificacionMovil.Negocio.Test\\PJ.Gestion.NotificacionMovil.Negocio.Test.csproj
		SccProjectName7 = PJ.Gestion.NotificacionMovil.Negocio.Test
		SccLocalPath7 = PJ.Gestion.NotificacionMovil.Negocio.Test
		SccProjectUniqueName8 = PJ.Gestion.NotificacionMovil.Entidades.Test\\PJ.Gestion.NotificacionMovil.Entidades.Test.csproj
		SccProjectName8 = PJ.Gestion.NotificacionMovil.Entidades.Test
		SccLocalPath8 = PJ.Gestion.NotificacionMovil.Entidades.Test
		SccProjectUniqueName9 = ConsoleApplicationTest\\ConsoleApplicationTest.csproj
		SccProjectName9 = ConsoleApplicationTest
		SccLocalPath9 = ConsoleApplicationTest
		SccProjectUniqueName10 = SetupServicioNotificacionMovil\\SetupServicioNotificacionMovil.isproj
		SccProjectName10 = SetupServicioNotificacionMovil
		SccLocalPath10 = SetupServicioNotificacionMovil
		SccProjectUniqueName11 = PJ.Gestion.NotificacionMovil.ServicioCorreo\\PJ.Gestion.NotificacionMovil.ServicioCorreo.csproj
		SccProjectName11 = PJ.Gestion.NotificacionMovil.ServicioCorreo
		SccLocalPath11 = PJ.Gestion.NotificacionMovil.ServicioCorreo
		SccProjectUniqueName12 = SetupServicioNotificacionCorreo\\SetupServicioCorreoNotificacionMovil.isproj
		SccProjectName12 = SetupServicioNotificacionCorreo
		SccLocalPath12 = SetupServicioNotificacionCorreo
		SccProjectUniqueName13 = PJ.Gestion.NotificacionMovil.ServicioMonitoreo\\PJ.Gestion.NotificacionMovil.ServicioMonitoreo.csproj
		SccProjectName13 = PJ.Gestion.NotificacionMovil.ServicioMonitoreo
		SccLocalPath13 = PJ.Gestion.NotificacionMovil.ServicioMonitoreo
		SccProjectUniqueName14 = PJ.Gestion.NotificacionMovil.WcfNotificacion\\PJ.Gestion.NotificacionMovil.WcfSincronizacion.csproj
		SccProjectName14 = PJ.Gestion.NotificacionMovil.WcfNotificacion
		SccLocalPath14 = PJ.Gestion.NotificacionMovil.WcfNotificacion
	EndGlobalSection
EndGlobal
